
Microsoft Visual Studio Solution File, Format Version 12.00
# Visual Studio 2012
Project("{F184B08F-C81C-45F6-A57F-5ABD9991F28F}") = "tugas akhir AD", "tugas akhir AD.vbproj", "{98085E95-C24D-422A-AA6D-0FCD8897F6DD}"
EndProject
Global
	GlobalSection(SolutionConfigurationPlatforms) = preSolution
		Debug|Any CPU = Debug|Any CPU
		Release|Any CPU = Release|Any CPU
	EndGlobalSection
	GlobalSection(ProjectConfigurationPlatforms) = postSolution
		{98085E95-C24D-422A-AA6D-0FCD8897F6DD}.Debug|Any CPU.ActiveCfg = Debug|Any CPU
		{98085E95-C24D-422A-AA6D-0FCD8897F6DD}.Debug|Any CPU.Build.0 = Debug|Any CPU
		{98085E95-C24D-422A-AA6D-0FCD8897F6DD}.Release|Any CPU.ActiveCfg = Release|Any CPU
		{98085E95-C24D-422A-AA6D-0FCD8897F6DD}.Release|Any CPU.Build.0 = Release|Any CPU
	EndGlobalSection
	GlobalSection(SolutionProperties) = preSolution
		HideSolutionNode = FALSE
	EndGlobalSection
EndGlobal
